// !$*UTF8*$!
{
	archiveVersion = 1;
	classes = {
	};
	objectVersion = 50;
	objects = {

/* Begin PBXBuildFile section */
		5501899D2234E062000E4EC1 /* Circle.swift in Sources */ = {isa = PBXBuildFile; fileRef = 5501899C2234E062000E4EC1 /* Circle.swift */; };
		550189A12234E2FA000E4EC1 /* NSBezierPath+Extension.swift in Sources */ = {isa = PBXBuildFile; fileRef = 550189A02234E2FA000E4EC1 /* NSBezierPath+Extension.swift */; };
		550189A32235C4D4000E4EC1 /* RenderableRect.swift in Sources */ = {isa = PBXBuildFile; fileRef = 550189A22235C4D4000E4EC1 /* RenderableRect.swift */; };
		550189A52235C5C9000E4EC1 /* Line.swift in Sources */ = {isa = PBXBuildFile; fileRef = 550189A42235C5C9000E4EC1 /* Line.swift */; };
		550F87D22238660900E66E79 /* Point.swift in Sources */ = {isa = PBXBuildFile; fileRef = 550F87D12238660900E66E79 /* Point.swift */; };
		550F87D9223A0AB300E66E79 /* RadioButtonGroup.swift in Sources */ = {isa = PBXBuildFile; fileRef = 550F87D8223A0AB300E66E79 /* RadioButtonGroup.swift */; };
		550F87DB223A1B3900E66E79 /* NSLayoutConstraint+Extension.swift in Sources */ = {isa = PBXBuildFile; fileRef = 550F87DA223A1B3900E66E79 /* NSLayoutConstraint+Extension.swift */; };
		554829D9224EFFDC00AA1AB5 /* InfoView.swift in Sources */ = {isa = PBXBuildFile; fileRef = 554829D8224EFFDC00AA1AB5 /* InfoView.swift */; };
		554829DB224F1EAA00AA1AB5 /* NSEdgeInset+Extension.swift in Sources */ = {isa = PBXBuildFile; fileRef = 554829DA224F1EAA00AA1AB5 /* NSEdgeInset+Extension.swift */; };
		554829DD224F201700AA1AB5 /* TextExtensions.swift in Sources */ = {isa = PBXBuildFile; fileRef = 554829DC224F201700AA1AB5 /* TextExtensions.swift */; };
		554829DF224F21E100AA1AB5 /* Colors.swift in Sources */ = {isa = PBXBuildFile; fileRef = 554829DE224F21E100AA1AB5 /* Colors.swift */; };
		554829E1224F222800AA1AB5 /* Colors.xcassets in Resources */ = {isa = PBXBuildFile; fileRef = 554829E0224F222800AA1AB5 /* Colors.xcassets */; };
		554F1913225049D100BB04C7 /* Screenshotter.swift in Sources */ = {isa = PBXBuildFile; fileRef = 554F1912225049D100BB04C7 /* Screenshotter.swift */; };
		554F191522504C8800BB04C7 /* NSNotification+Extension.swift in Sources */ = {isa = PBXBuildFile; fileRef = 554F191422504C8800BB04C7 /* NSNotification+Extension.swift */; };
		554F191722504F9F00BB04C7 /* NSDateFormatter+Extension.swift in Sources */ = {isa = PBXBuildFile; fileRef = 554F191622504F9F00BB04C7 /* NSDateFormatter+Extension.swift */; };
		556CE775223613B800EE15CE /* Rect.swift in Sources */ = {isa = PBXBuildFile; fileRef = 556CE774223613B800EE15CE /* Rect.swift */; };
		5578F39E2249853D00DACBB3 /* NSTrackingArea+Extension.swift in Sources */ = {isa = PBXBuildFile; fileRef = 5578F39D2249853D00DACBB3 /* NSTrackingArea+Extension.swift */; };
		5578F3A022498D4200DACBB3 /* Numbers+Extension.swift in Sources */ = {isa = PBXBuildFile; fileRef = 5578F39F22498D4200DACBB3 /* Numbers+Extension.swift */; };
		5584963B224DD2F300387F02 /* InteractionDisabledView.swift in Sources */ = {isa = PBXBuildFile; fileRef = 5584963A224DD2F300387F02 /* InteractionDisabledView.swift */; };
		55A840B822489E50009093B8 /* RadioButton.swift in Sources */ = {isa = PBXBuildFile; fileRef = 55A840B722489E50009093B8 /* RadioButton.swift */; };
		55B94ED42237564000024616 /* Copy.swift in Sources */ = {isa = PBXBuildFile; fileRef = 55B94ED32237564000024616 /* Copy.swift */; };
		55B94ED62237573200024616 /* Copy.strings in Resources */ = {isa = PBXBuildFile; fileRef = 55B94ED52237573200024616 /* Copy.strings */; };
		55B94ED822376E0800024616 /* RenderableCircle.swift in Sources */ = {isa = PBXBuildFile; fileRef = 55B94ED722376E0800024616 /* RenderableCircle.swift */; };
		55B94EDA223772CE00024616 /* Math.swift in Sources */ = {isa = PBXBuildFile; fileRef = 55B94ED9223772CE00024616 /* Math.swift */; };
		55E785E6222DE90D00A91D79 /* AppDelegate.swift in Sources */ = {isa = PBXBuildFile; fileRef = 55E785E5222DE90D00A91D79 /* AppDelegate.swift */; };
		55E785E8222DE90D00A91D79 /* ViewController.swift in Sources */ = {isa = PBXBuildFile; fileRef = 55E785E7222DE90D00A91D79 /* ViewController.swift */; };
		55E785EA222DE90F00A91D79 /* Assets.xcassets in Resources */ = {isa = PBXBuildFile; fileRef = 55E785E9222DE90F00A91D79 /* Assets.xcassets */; };
		55E785ED222DE90F00A91D79 /* Main.storyboard in Resources */ = {isa = PBXBuildFile; fileRef = 55E785EB222DE90F00A91D79 /* Main.storyboard */; };
		55E785F6222DF20400A91D79 /* DrawingView.swift in Sources */ = {isa = PBXBuildFile; fileRef = 55E785F5222DF20400A91D79 /* DrawingView.swift */; };
		55E785FF222DF98600A91D79 /* Synchronicity.swift in Sources */ = {isa = PBXBuildFile; fileRef = 55E785F8222DF98500A91D79 /* Synchronicity.swift */; };
		55E78600222DF98600A91D79 /* Watchable.swift in Sources */ = {isa = PBXBuildFile; fileRef = 55E785F9222DF98500A91D79 /* Watchable.swift */; };
		55E78601222DF98600A91D79 /* General.swift in Sources */ = {isa = PBXBuildFile; fileRef = 55E785FA222DF98500A91D79 /* General.swift */; };
		55E78602222DF98600A91D79 /* Create.swift in Sources */ = {isa = PBXBuildFile; fileRef = 55E785FB222DF98500A91D79 /* Create.swift */; };
		55E78603222DF98600A91D79 /* Watcher.swift in Sources */ = {isa = PBXBuildFile; fileRef = 55E785FC222DF98600A91D79 /* Watcher.swift */; };
		55E78604222DF98600A91D79 /* URLSession+Synced.swift in Sources */ = {isa = PBXBuildFile; fileRef = 55E785FD222DF98600A91D79 /* URLSession+Synced.swift */; };
		55E78605222DF98600A91D79 /* Handler.swift in Sources */ = {isa = PBXBuildFile; fileRef = 55E785FE222DF98600A91D79 /* Handler.swift */; };
		55E78608222DF9A200A91D79 /* DrawingViewResponder.swift in Sources */ = {isa = PBXBuildFile; fileRef = 55E78607222DF9A200A91D79 /* DrawingViewResponder.swift */; };
		55E7860B222DFBEF00A91D79 /* Renderable.swift in Sources */ = {isa = PBXBuildFile; fileRef = 55E7860A222DFBEF00A91D79 /* Renderable.swift */; };
		55E7860D222E239F00A91D79 /* KeyCodes.swift in Sources */ = {isa = PBXBuildFile; fileRef = 55E7860C222E239F00A91D79 /* KeyCodes.swift */; };
		55E7860F222E407400A91D79 /* ColorRadioButton.swift in Sources */ = {isa = PBXBuildFile; fileRef = 55E7860E222E407400A91D79 /* ColorRadioButton.swift */; };
		55E78611222E4B9900A91D79 /* RenderableLine.swift in Sources */ = {isa = PBXBuildFile; fileRef = 55E78610222E4B9900A91D79 /* RenderableLine.swift */; };
		55F110E4224C88FF00D03388 /* ShapeRadioButton.swift in Sources */ = {isa = PBXBuildFile; fileRef = 55F110E3224C88FF00D03388 /* ShapeRadioButton.swift */; };
		55F110E6224C899400D03388 /* BaseRadioButton.swift in Sources */ = {isa = PBXBuildFile; fileRef = 55F110E5224C899400D03388 /* BaseRadioButton.swift */; };
		55F110E9224C8C2A00D03388 /* Text.swift in Sources */ = {isa = PBXBuildFile; fileRef = 55F110E8224C8C2A00D03388 /* Text.swift */; };
		55F110EB224C8F4700D03388 /* Fonts.swift in Sources */ = {isa = PBXBuildFile; fileRef = 55F110EA224C8F4700D03388 /* Fonts.swift */; };
		55F110ED224C918300D03388 /* Images.swift in Sources */ = {isa = PBXBuildFile; fileRef = 55F110EC224C918300D03388 /* Images.swift */; };
/* End PBXBuildFile section */

/* Begin PBXFileReference section */
		5501899C2234E062000E4EC1 /* Circle.swift */ = {isa = PBXFileReference; lastKnownFileType = sourcecode.swift; path = Circle.swift; sourceTree = "<group>"; };
		550189A02234E2FA000E4EC1 /* NSBezierPath+Extension.swift */ = {isa = PBXFileReference; lastKnownFileType = sourcecode.swift; path = "NSBezierPath+Extension.swift"; sourceTree = "<group>"; };
		550189A22235C4D4000E4EC1 /* RenderableRect.swift */ = {isa = PBXFileReference; lastKnownFileType = sourcecode.swift; path = RenderableRect.swift; sourceTree = "<group>"; };
		550189A42235C5C9000E4EC1 /* Line.swift */ = {isa = PBXFileReference; lastKnownFileType = sourcecode.swift; path = Line.swift; sourceTree = "<group>"; };
		550F87D12238660900E66E79 /* Point.swift */ = {isa = PBXFileReference; lastKnownFileType = sourcecode.swift; path = Point.swift; sourceTree = "<group>"; };
		550F87D8223A0AB300E66E79 /* RadioButtonGroup.swift */ = {isa = PBXFileReference; lastKnownFileType = sourcecode.swift; path = RadioButtonGroup.swift; sourceTree = "<group>"; };
		550F87DA223A1B3900E66E79 /* NSLayoutConstraint+Extension.swift */ = {isa = PBXFileReference; lastKnownFileType = sourcecode.swift; path = "NSLayoutConstraint+Extension.swift"; sourceTree = "<group>"; };
		554829D8224EFFDC00AA1AB5 /* InfoView.swift */ = {isa = PBXFileReference; lastKnownFileType = sourcecode.swift; path = InfoView.swift; sourceTree = "<group>"; };
		554829DA224F1EAA00AA1AB5 /* NSEdgeInset+Extension.swift */ = {isa = PBXFileReference; lastKnownFileType = sourcecode.swift; path = "NSEdgeInset+Extension.swift"; sourceTree = "<group>"; };
		554829DC224F201700AA1AB5 /* TextExtensions.swift */ = {isa = PBXFileReference; lastKnownFileType = sourcecode.swift; path = TextExtensions.swift; sourceTree = "<group>"; };
		554829DE224F21E100AA1AB5 /* Colors.swift */ = {isa = PBXFileReference; lastKnownFileType = sourcecode.swift; path = Colors.swift; sourceTree = "<group>"; };
		554829E0224F222800AA1AB5 /* Colors.xcassets */ = {isa = PBXFileReference; lastKnownFileType = folder.assetcatalog; path = Colors.xcassets; sourceTree = "<group>"; };
		554F1912225049D100BB04C7 /* Screenshotter.swift */ = {isa = PBXFileReference; lastKnownFileType = sourcecode.swift; path = Screenshotter.swift; sourceTree = "<group>"; };
		554F191422504C8800BB04C7 /* NSNotification+Extension.swift */ = {isa = PBXFileReference; lastKnownFileType = sourcecode.swift; path = "NSNotification+Extension.swift"; sourceTree = "<group>"; };
		554F191622504F9F00BB04C7 /* NSDateFormatter+Extension.swift */ = {isa = PBXFileReference; lastKnownFileType = sourcecode.swift; path = "NSDateFormatter+Extension.swift"; sourceTree = "<group>"; };
		556CE774223613B800EE15CE /* Rect.swift */ = {isa = PBXFileReference; lastKnownFileType = sourcecode.swift; path = Rect.swift; sourceTree = "<group>"; };
		5578F39D2249853D00DACBB3 /* NSTrackingArea+Extension.swift */ = {isa = PBXFileReference; lastKnownFileType = sourcecode.swift; path = "NSTrackingArea+Extension.swift"; sourceTree = "<group>"; };
		5578F39F22498D4200DACBB3 /* Numbers+Extension.swift */ = {isa = PBXFileReference; lastKnownFileType = sourcecode.swift; path = "Numbers+Extension.swift"; sourceTree = "<group>"; };
		5584963A224DD2F300387F02 /* InteractionDisabledView.swift */ = {isa = PBXFileReference; lastKnownFileType = sourcecode.swift; path = InteractionDisabledView.swift; sourceTree = "<group>"; };
		55A840B722489E50009093B8 /* RadioButton.swift */ = {isa = PBXFileReference; lastKnownFileType = sourcecode.swift; path = RadioButton.swift; sourceTree = "<group>"; };
		55B94ED32237564000024616 /* Copy.swift */ = {isa = PBXFileReference; lastKnownFileType = sourcecode.swift; path = Copy.swift; sourceTree = "<group>"; };
		55B94ED52237573200024616 /* Copy.strings */ = {isa = PBXFileReference; lastKnownFileType = text.plist.strings; path = Copy.strings; sourceTree = "<group>"; };
		55B94ED722376E0800024616 /* RenderableCircle.swift */ = {isa = PBXFileReference; lastKnownFileType = sourcecode.swift; path = RenderableCircle.swift; sourceTree = "<group>"; };
		55B94ED9223772CE00024616 /* Math.swift */ = {isa = PBXFileReference; lastKnownFileType = sourcecode.swift; path = Math.swift; sourceTree = "<group>"; };
		55E785E2222DE90D00A91D79 /* QuickDraw.app */ = {isa = PBXFileReference; explicitFileType = wrapper.application; includeInIndex = 0; path = QuickDraw.app; sourceTree = BUILT_PRODUCTS_DIR; };
		55E785E5222DE90D00A91D79 /* AppDelegate.swift */ = {isa = PBXFileReference; lastKnownFileType = sourcecode.swift; path = AppDelegate.swift; sourceTree = "<group>"; };
		55E785E7222DE90D00A91D79 /* ViewController.swift */ = {isa = PBXFileReference; lastKnownFileType = sourcecode.swift; path = ViewController.swift; sourceTree = "<group>"; };
		55E785E9222DE90F00A91D79 /* Assets.xcassets */ = {isa = PBXFileReference; lastKnownFileType = folder.assetcatalog; path = Assets.xcassets; sourceTree = "<group>"; };
		55E785EC222DE90F00A91D79 /* Base */ = {isa = PBXFileReference; lastKnownFileType = file.storyboard; name = Base; path = Base.lproj/Main.storyboard; sourceTree = "<group>"; };
		55E785EE222DE90F00A91D79 /* Info.plist */ = {isa = PBXFileReference; lastKnownFileType = text.plist.xml; path = Info.plist; sourceTree = "<group>"; };
		55E785EF222DE90F00A91D79 /* QuickDraw.entitlements */ = {isa = PBXFileReference; lastKnownFileType = text.plist.entitlements; path = QuickDraw.entitlements; sourceTree = "<group>"; };
		55E785F5222DF20400A91D79 /* DrawingView.swift */ = {isa = PBXFileReference; lastKnownFileType = sourcecode.swift; path = DrawingView.swift; sourceTree = "<group>"; };
		55E785F8222DF98500A91D79 /* Synchronicity.swift */ = {isa = PBXFileReference; fileEncoding = 4; lastKnownFileType = sourcecode.swift; path = Synchronicity.swift; sourceTree = "<group>"; };
		55E785F9222DF98500A91D79 /* Watchable.swift */ = {isa = PBXFileReference; fileEncoding = 4; lastKnownFileType = sourcecode.swift; path = Watchable.swift; sourceTree = "<group>"; };
		55E785FA222DF98500A91D79 /* General.swift */ = {isa = PBXFileReference; fileEncoding = 4; lastKnownFileType = sourcecode.swift; path = General.swift; sourceTree = "<group>"; };
		55E785FB222DF98500A91D79 /* Create.swift */ = {isa = PBXFileReference; fileEncoding = 4; lastKnownFileType = sourcecode.swift; path = Create.swift; sourceTree = "<group>"; };
		55E785FC222DF98600A91D79 /* Watcher.swift */ = {isa = PBXFileReference; fileEncoding = 4; lastKnownFileType = sourcecode.swift; path = Watcher.swift; sourceTree = "<group>"; };
		55E785FD222DF98600A91D79 /* URLSession+Synced.swift */ = {isa = PBXFileReference; fileEncoding = 4; lastKnownFileType = sourcecode.swift; path = "URLSession+Synced.swift"; sourceTree = "<group>"; };
		55E785FE222DF98600A91D79 /* Handler.swift */ = {isa = PBXFileReference; fileEncoding = 4; lastKnownFileType = sourcecode.swift; path = Handler.swift; sourceTree = "<group>"; };
		55E78607222DF9A200A91D79 /* DrawingViewResponder.swift */ = {isa = PBXFileReference; lastKnownFileType = sourcecode.swift; path = DrawingViewResponder.swift; sourceTree = "<group>"; };
		55E7860A222DFBEF00A91D79 /* Renderable.swift */ = {isa = PBXFileReference; lastKnownFileType = sourcecode.swift; path = Renderable.swift; sourceTree = "<group>"; };
		55E7860C222E239F00A91D79 /* KeyCodes.swift */ = {isa = PBXFileReference; lastKnownFileType = sourcecode.swift; path = KeyCodes.swift; sourceTree = "<group>"; };
		55E7860E222E407400A91D79 /* ColorRadioButton.swift */ = {isa = PBXFileReference; lastKnownFileType = sourcecode.swift; path = ColorRadioButton.swift; sourceTree = "<group>"; };
		55E78610222E4B9900A91D79 /* RenderableLine.swift */ = {isa = PBXFileReference; lastKnownFileType = sourcecode.swift; path = RenderableLine.swift; sourceTree = "<group>"; };
		55F110E3224C88FF00D03388 /* ShapeRadioButton.swift */ = {isa = PBXFileReference; lastKnownFileType = sourcecode.swift; path = ShapeRadioButton.swift; sourceTree = "<group>"; };
		55F110E5224C899400D03388 /* BaseRadioButton.swift */ = {isa = PBXFileReference; lastKnownFileType = sourcecode.swift; path = BaseRadioButton.swift; sourceTree = "<group>"; };
		55F110E8224C8C2A00D03388 /* Text.swift */ = {isa = PBXFileReference; lastKnownFileType = sourcecode.swift; path = Text.swift; sourceTree = "<group>"; };
		55F110EA224C8F4700D03388 /* Fonts.swift */ = {isa = PBXFileReference; lastKnownFileType = sourcecode.swift; path = Fonts.swift; sourceTree = "<group>"; };
		55F110EC224C918300D03388 /* Images.swift */ = {isa = PBXFileReference; lastKnownFileType = sourcecode.swift; path = Images.swift; sourceTree = "<group>"; };
/* End PBXFileReference section */

/* Begin PBXFrameworksBuildPhase section */
		55E785DF222DE90D00A91D79 /* Frameworks */ = {
			isa = PBXFrameworksBuildPhase;
			buildActionMask = 2147483647;
			files = (
			);
			runOnlyForDeploymentPostprocessing = 0;
		};
/* End PBXFrameworksBuildPhase section */

/* Begin PBXGroup section */
		5501899A2234DD57000E4EC1 /* Resources */ = {
			isa = PBXGroup;
			children = (
				55B94ED22237563100024616 /* Copy */,
				55E785E9222DE90F00A91D79 /* Assets.xcassets */,
				554829E0224F222800AA1AB5 /* Colors.xcassets */,
				55F110EC224C918300D03388 /* Images.swift */,
				554829DE224F21E100AA1AB5 /* Colors.swift */,
				55E785EB222DE90F00A91D79 /* Main.storyboard */,
				55E785EE222DE90F00A91D79 /* Info.plist */,
			);
			path = Resources;
			sourceTree = "<group>";
		};
		5501899B2234E059000E4EC1 /* Math */ = {
			isa = PBXGroup;
			children = (
				55B94ED9223772CE00024616 /* Math.swift */,
				5501899C2234E062000E4EC1 /* Circle.swift */,
				550189A42235C5C9000E4EC1 /* Line.swift */,
				556CE774223613B800EE15CE /* Rect.swift */,
				550F87D12238660900E66E79 /* Point.swift */,
			);
			path = Math;
			sourceTree = "<group>";
		};
		5501899E2234E216000E4EC1 /* Constants */ = {
			isa = PBXGroup;
			children = (
				55E7860C222E239F00A91D79 /* KeyCodes.swift */,
			);
			path = Constants;
			sourceTree = "<group>";
		};
		5501899F2234E2DC000E4EC1 /* Extensions */ = {
			isa = PBXGroup;
			children = (
				550189A02234E2FA000E4EC1 /* NSBezierPath+Extension.swift */,
				550F87DA223A1B3900E66E79 /* NSLayoutConstraint+Extension.swift */,
				5578F39D2249853D00DACBB3 /* NSTrackingArea+Extension.swift */,
				5578F39F22498D4200DACBB3 /* Numbers+Extension.swift */,
				554829DA224F1EAA00AA1AB5 /* NSEdgeInset+Extension.swift */,
				554F191422504C8800BB04C7 /* NSNotification+Extension.swift */,
				554F191622504F9F00BB04C7 /* NSDateFormatter+Extension.swift */,
			);
			path = Extensions;
			sourceTree = "<group>";
		};
		550F87D52239DE8C00E66E79 /* Controls */ = {
			isa = PBXGroup;
			children = (
				55F110E5224C899400D03388 /* BaseRadioButton.swift */,
				55E7860E222E407400A91D79 /* ColorRadioButton.swift */,
				55F110E3224C88FF00D03388 /* ShapeRadioButton.swift */,
			);
			path = Controls;
			sourceTree = "<group>";
		};
		550F87D6223A0A9800E66E79 /* Views */ = {
			isa = PBXGroup;
			children = (
				550F87D7223A0AA500E66E79 /* Components */,
				55E785E7222DE90D00A91D79 /* ViewController.swift */,
				55E78606222DF99600A91D79 /* DrawingView */,
				554829E2224F3D6B00AA1AB5 /* InfoView */,
			);
			path = Views;
			sourceTree = "<group>";
		};
		550F87D7223A0AA500E66E79 /* Components */ = {
			isa = PBXGroup;
			children = (
				55A840B922489F95009093B8 /* RadioButton */,
				5584963A224DD2F300387F02 /* InteractionDisabledView.swift */,
			);
			path = Components;
			sourceTree = "<group>";
		};
		554829E2224F3D6B00AA1AB5 /* InfoView */ = {
			isa = PBXGroup;
			children = (
				554829D8224EFFDC00AA1AB5 /* InfoView.swift */,
			);
			path = InfoView;
			sourceTree = "<group>";
		};
		554F1911225049AF00BB04C7 /* Helpers */ = {
			isa = PBXGroup;
			children = (
				554F1912225049D100BB04C7 /* Screenshotter.swift */,
			);
			path = Helpers;
			sourceTree = "<group>";
		};
		55A840B922489F95009093B8 /* RadioButton */ = {
			isa = PBXGroup;
			children = (
				550F87D8223A0AB300E66E79 /* RadioButtonGroup.swift */,
				55A840B722489E50009093B8 /* RadioButton.swift */,
			);
			path = RadioButton;
			sourceTree = "<group>";
		};
		55B94ED22237563100024616 /* Copy */ = {
			isa = PBXGroup;
			children = (
				55B94ED52237573200024616 /* Copy.strings */,
				55B94ED32237564000024616 /* Copy.swift */,
			);
			path = Copy;
			sourceTree = "<group>";
		};
		55E785D9222DE90D00A91D79 = {
			isa = PBXGroup;
			children = (
				55E785E4222DE90D00A91D79 /* QuickDraw */,
				55E785E3222DE90D00A91D79 /* Products */,
			);
			sourceTree = "<group>";
		};
		55E785E3222DE90D00A91D79 /* Products */ = {
			isa = PBXGroup;
			children = (
				55E785E2222DE90D00A91D79 /* QuickDraw.app */,
			);
			name = Products;
			sourceTree = "<group>";
		};
		55E785E4222DE90D00A91D79 /* QuickDraw */ = {
			isa = PBXGroup;
			children = (
				55E785F7222DF92600A91D79 /* Depdendencies */,
				55E785E5222DE90D00A91D79 /* AppDelegate.swift */,
				55F110E7224C8C1D00D03388 /* Text */,
				5501899F2234E2DC000E4EC1 /* Extensions */,
				554F1911225049AF00BB04C7 /* Helpers */,
				5501899E2234E216000E4EC1 /* Constants */,
				5501899B2234E059000E4EC1 /* Math */,
				55E78609222DF9E600A91D79 /* Renderables */,
				550F87D6223A0A9800E66E79 /* Views */,
				5501899A2234DD57000E4EC1 /* Resources */,
				55E785EF222DE90F00A91D79 /* QuickDraw.entitlements */,
			);
			path = QuickDraw;
			sourceTree = "<group>";
		};
		55E785F7222DF92600A91D79 /* Depdendencies */ = {
			isa = PBXGroup;
			children = (
				55E785FB222DF98500A91D79 /* Create.swift */,
				55E785FA222DF98500A91D79 /* General.swift */,
				55E785FE222DF98600A91D79 /* Handler.swift */,
				55E785F8222DF98500A91D79 /* Synchronicity.swift */,
				55E785FD222DF98600A91D79 /* URLSession+Synced.swift */,
				55E785F9222DF98500A91D79 /* Watchable.swift */,
				55E785FC222DF98600A91D79 /* Watcher.swift */,
			);
			path = Depdendencies;
			sourceTree = "<group>";
		};
		55E78606222DF99600A91D79 /* DrawingView */ = {
			isa = PBXGroup;
			children = (
				55E785F5222DF20400A91D79 /* DrawingView.swift */,
				55E78607222DF9A200A91D79 /* DrawingViewResponder.swift */,
				550F87D52239DE8C00E66E79 /* Controls */,
			);
			path = DrawingView;
			sourceTree = "<group>";
		};
		55E78609222DF9E600A91D79 /* Renderables */ = {
			isa = PBXGroup;
			children = (
				55E7860A222DFBEF00A91D79 /* Renderable.swift */,
				55E78610222E4B9900A91D79 /* RenderableLine.swift */,
				550189A22235C4D4000E4EC1 /* RenderableRect.swift */,
				55B94ED722376E0800024616 /* RenderableCircle.swift */,
			);
			path = Renderables;
			sourceTree = "<group>";
		};
		55F110E7224C8C1D00D03388 /* Text */ = {
			isa = PBXGroup;
			children = (
				55F110E8224C8C2A00D03388 /* Text.swift */,
				55F110EA224C8F4700D03388 /* Fonts.swift */,
				554829DC224F201700AA1AB5 /* TextExtensions.swift */,
			);
			path = Text;
			sourceTree = "<group>";
		};
/* End PBXGroup section */

/* Begin PBXNativeTarget section */
		55E785E1222DE90D00A91D79 /* QuickDraw */ = {
			isa = PBXNativeTarget;
			buildConfigurationList = 55E785F2222DE90F00A91D79 /* Build configuration list for PBXNativeTarget "QuickDraw" */;
			buildPhases = (
				55E785DE222DE90D00A91D79 /* Sources */,
				55E785DF222DE90D00A91D79 /* Frameworks */,
				55E785E0222DE90D00A91D79 /* Resources */,
			);
			buildRules = (
			);
			dependencies = (
			);
			name = QuickDraw;
			productName = QuickDraw;
			productReference = 55E785E2222DE90D00A91D79 /* QuickDraw.app */;
			productType = "com.apple.product-type.application";
		};
/* End PBXNativeTarget section */

/* Begin PBXProject section */
		55E785DA222DE90D00A91D79 /* Project object */ = {
			isa = PBXProject;
			attributes = {
				LastSwiftUpdateCheck = 1010;
				LastUpgradeCheck = 1010;
				ORGANIZATIONNAME = "Max Chuquimia";
				TargetAttributes = {
					55E785E1222DE90D00A91D79 = {
						CreatedOnToolsVersion = 10.1;
						SystemCapabilities = {
							com.apple.Sandbox = {
								enabled = 0;
							};
						};
					};
				};
			};
			buildConfigurationList = 55E785DD222DE90D00A91D79 /* Build configuration list for PBXProject "QuickDraw" */;
			compatibilityVersion = "Xcode 9.3";
			developmentRegion = en;
			hasScannedForEncodings = 0;
			knownRegions = (
				en,
				Base,
			);
			mainGroup = 55E785D9222DE90D00A91D79;
			productRefGroup = 55E785E3222DE90D00A91D79 /* Products */;
			projectDirPath = "";
			projectRoot = "";
			targets = (
				55E785E1222DE90D00A91D79 /* QuickDraw */,
			);
		};
/* End PBXProject section */

/* Begin PBXResourcesBuildPhase section */
		55E785E0222DE90D00A91D79 /* Resources */ = {
			isa = PBXResourcesBuildPhase;
			buildActionMask = 2147483647;
			files = (
				55B94ED62237573200024616 /* Copy.strings in Resources */,
				554829E1224F222800AA1AB5 /* Colors.xcassets in Resources */,
				55E785EA222DE90F00A91D79 /* Assets.xcassets in Resources */,
				55E785ED222DE90F00A91D79 /* Main.storyboard in Resources */,
			);
			runOnlyForDeploymentPostprocessing = 0;
		};
/* End PBXResourcesBuildPhase section */

/* Begin PBXSourcesBuildPhase section */
		55E785DE222DE90D00A91D79 /* Sources */ = {
			isa = PBXSourcesBuildPhase;
			buildActionMask = 2147483647;
			files = (
				55E78611222E4B9900A91D79 /* RenderableLine.swift in Sources */,
				55F110E6224C899400D03388 /* BaseRadioButton.swift in Sources */,
				550F87DB223A1B3900E66E79 /* NSLayoutConstraint+Extension.swift in Sources */,
				55F110ED224C918300D03388 /* Images.swift in Sources */,
				55E7860F222E407400A91D79 /* ColorRadioButton.swift in Sources */,
				55E78601222DF98600A91D79 /* General.swift in Sources */,
				556CE775223613B800EE15CE /* Rect.swift in Sources */,
				55E785FF222DF98600A91D79 /* Synchronicity.swift in Sources */,
				55E78600222DF98600A91D79 /* Watchable.swift in Sources */,
				55E7860B222DFBEF00A91D79 /* Renderable.swift in Sources */,
				55B94EDA223772CE00024616 /* Math.swift in Sources */,
				55F110E9224C8C2A00D03388 /* Text.swift in Sources */,
				550F87D22238660900E66E79 /* Point.swift in Sources */,
				55E785F6222DF20400A91D79 /* DrawingView.swift in Sources */,
				55E785E8222DE90D00A91D79 /* ViewController.swift in Sources */,
				554F191722504F9F00BB04C7 /* NSDateFormatter+Extension.swift in Sources */,
				554F1913225049D100BB04C7 /* Screenshotter.swift in Sources */,
				55E78602222DF98600A91D79 /* Create.swift in Sources */,
				554829DD224F201700AA1AB5 /* TextExtensions.swift in Sources */,
				554829D9224EFFDC00AA1AB5 /* InfoView.swift in Sources */,
				550189A32235C4D4000E4EC1 /* RenderableRect.swift in Sources */,
				5501899D2234E062000E4EC1 /* Circle.swift in Sources */,
				55E78603222DF98600A91D79 /* Watcher.swift in Sources */,
				55A840B822489E50009093B8 /* RadioButton.swift in Sources */,
				554F191522504C8800BB04C7 /* NSNotification+Extension.swift in Sources */,
				554829DB224F1EAA00AA1AB5 /* NSEdgeInset+Extension.swift in Sources */,
				55F110EB224C8F4700D03388 /* Fonts.swift in Sources */,
				55E78608222DF9A200A91D79 /* DrawingViewResponder.swift in Sources */,
				5584963B224DD2F300387F02 /* InteractionDisabledView.swift in Sources */,
				55E7860D222E239F00A91D79 /* KeyCodes.swift in Sources */,
				55B94ED822376E0800024616 /* RenderableCircle.swift in Sources */,
				55B94ED42237564000024616 /* Copy.swift in Sources */,
				5578F3A022498D4200DACBB3 /* Numbers+Extension.swift in Sources */,
				55E78604222DF98600A91D79 /* URLSession+Synced.swift in Sources */,
				550189A52235C5C9000E4EC1 /* Line.swift in Sources */,
				550189A12234E2FA000E4EC1 /* NSBezierPath+Extension.swift in Sources */,
				55E78605222DF98600A91D79 /* Handler.swift in Sources */,
				554829DF224F21E100AA1AB5 /* Colors.swift in Sources */,
				550F87D9223A0AB300E66E79 /* RadioButtonGroup.swift in Sources */,
				5578F39E2249853D00DACBB3 /* NSTrackingArea+Extension.swift in Sources */,
				55E785E6222DE90D00A91D79 /* AppDelegate.swift in Sources */,
				55F110E4224C88FF00D03388 /* ShapeRadioButton.swift in Sources */,
			);
			runOnlyForDeploymentPostprocessing = 0;
		};
/* End PBXSourcesBuildPhase section */

/* Begin PBXVariantGroup section */
		55E785EB222DE90F00A91D79 /* Main.storyboard */ = {
			isa = PBXVariantGroup;
			children = (
				55E785EC222DE90F00A91D79 /* Base */,
			);
			name = Main.storyboard;
			sourceTree = "<group>";
		};
/* End PBXVariantGroup section */

/* Begin XCBuildConfiguration section */
		55E785F0222DE90F00A91D79 /* Debug */ = {
			isa = XCBuildConfiguration;
			buildSettings = {
				ALWAYS_SEARCH_USER_PATHS = NO;
				CLANG_ANALYZER_NONNULL = YES;
				CLANG_ANALYZER_NUMBER_OBJECT_CONVERSION = YES_AGGRESSIVE;
				CLANG_CXX_LANGUAGE_STANDARD = "gnu++14";
				CLANG_CXX_LIBRARY = "libc++";
				CLANG_ENABLE_MODULES = YES;
				CLANG_ENABLE_OBJC_ARC = YES;
				CLANG_ENABLE_OBJC_WEAK = YES;
				CLANG_WARN_BLOCK_CAPTURE_AUTORELEASING = YES;
				CLANG_WARN_BOOL_CONVERSION = YES;
				CLANG_WARN_COMMA = YES;
				CLANG_WARN_CONSTANT_CONVERSION = YES;
				CLANG_WARN_DEPRECATED_OBJC_IMPLEMENTATIONS = YES;
				CLANG_WARN_DIRECT_OBJC_ISA_USAGE = YES_ERROR;
				CLANG_WARN_DOCUMENTATION_COMMENTS = YES;
				CLANG_WARN_EMPTY_BODY = YES;
				CLANG_WARN_ENUM_CONVERSION = YES;
				CLANG_WARN_INFINITE_RECURSION = YES;
				CLANG_WARN_INT_CONVERSION = YES;
				CLANG_WARN_NON_LITERAL_NULL_CONVERSION = YES;
				CLANG_WARN_OBJC_IMPLICIT_RETAIN_SELF = YES;
				CLANG_WARN_OBJC_LITERAL_CONVERSION = YES;
				CLANG_WARN_OBJC_ROOT_CLASS = YES_ERROR;
				CLANG_WARN_RANGE_LOOP_ANALYSIS = YES;
				CLANG_WARN_STRICT_PROTOTYPES = YES;
				CLANG_WARN_SUSPICIOUS_MOVE = YES;
				CLANG_WARN_UNGUARDED_AVAILABILITY = YES_AGGRESSIVE;
				CLANG_WARN_UNREACHABLE_CODE = YES;
				CLANG_WARN__DUPLICATE_METHOD_MATCH = YES;
				CODE_SIGN_IDENTITY = "Mac Developer";
				COPY_PHASE_STRIP = NO;
				DEBUG_INFORMATION_FORMAT = dwarf;
				ENABLE_STRICT_OBJC_MSGSEND = YES;
				ENABLE_TESTABILITY = YES;
				GCC_C_LANGUAGE_STANDARD = gnu11;
				GCC_DYNAMIC_NO_PIC = NO;
				GCC_NO_COMMON_BLOCKS = YES;
				GCC_OPTIMIZATION_LEVEL = 0;
				GCC_PREPROCESSOR_DEFINITIONS = (
					"DEBUG=1",
					"$(inherited)",
				);
				GCC_WARN_64_TO_32_BIT_CONVERSION = YES;
				GCC_WARN_ABOUT_RETURN_TYPE = YES_ERROR;
				GCC_WARN_UNDECLARED_SELECTOR = YES;
				GCC_WARN_UNINITIALIZED_AUTOS = YES_AGGRESSIVE;
				GCC_WARN_UNUSED_FUNCTION = YES;
				GCC_WARN_UNUSED_VARIABLE = YES;
				MACOSX_DEPLOYMENT_TARGET = 10.14;
				MTL_ENABLE_DEBUG_INFO = INCLUDE_SOURCE;
				MTL_FAST_MATH = YES;
				ONLY_ACTIVE_ARCH = YES;
				SDKROOT = macosx;
				SWIFT_ACTIVE_COMPILATION_CONDITIONS = DEBUG;
				SWIFT_OPTIMIZATION_LEVEL = "-Onone";
			};
			name = Debug;
		};
		55E785F1222DE90F00A91D79 /* Release */ = {
			isa = XCBuildConfiguration;
			buildSettings = {
				ALWAYS_SEARCH_USER_PATHS = NO;
				CLANG_ANALYZER_NONNULL = YES;
				CLANG_ANALYZER_NUMBER_OBJECT_CONVERSION = YES_AGGRESSIVE;
				CLANG_CXX_LANGUAGE_STANDARD = "gnu++14";
				CLANG_CXX_LIBRARY = "libc++";
				CLANG_ENABLE_MODULES = YES;
				CLANG_ENABLE_OBJC_ARC = YES;
				CLANG_ENABLE_OBJC_WEAK = YES;
				CLANG_WARN_BLOCK_CAPTURE_AUTORELEASING = YES;
				CLANG_WARN_BOOL_CONVERSION = YES;
				CLANG_WARN_COMMA = YES;
				CLANG_WARN_CONSTANT_CONVERSION = YES;
				CLANG_WARN_DEPRECATED_OBJC_IMPLEMENTATIONS = YES;
				CLANG_WARN_DIRECT_OBJC_ISA_USAGE = YES_ERROR;
				CLANG_WARN_DOCUMENTATION_COMMENTS = YES;
				CLANG_WARN_EMPTY_BODY = YES;
				CLANG_WARN_ENUM_CONVERSION = YES;
				CLANG_WARN_INFINITE_RECURSION = YES;
				CLANG_WARN_INT_CONVERSION = YES;
				CLANG_WARN_NON_LITERAL_NULL_CONVERSION = YES;
				CLANG_WARN_OBJC_IMPLICIT_RETAIN_SELF = YES;
				CLANG_WARN_OBJC_LITERAL_CONVERSION = YES;
				CLANG_WARN_OBJC_ROOT_CLASS = YES_ERROR;
				CLANG_WARN_RANGE_LOOP_ANALYSIS = YES;
				CLANG_WARN_STRICT_PROTOTYPES = YES;
				CLANG_WARN_SUSPICIOUS_MOVE = YES;
				CLANG_WARN_UNGUARDED_AVAILABILITY = YES_AGGRESSIVE;
				CLANG_WARN_UNREACHABLE_CODE = YES;
				CLANG_WARN__DUPLICATE_METHOD_MATCH = YES;
				CODE_SIGN_IDENTITY = "Mac Developer";
				COPY_PHASE_STRIP = NO;
				DEBUG_INFORMATION_FORMAT = "dwarf-with-dsym";
				ENABLE_NS_ASSERTIONS = NO;
				ENABLE_STRICT_OBJC_MSGSEND = YES;
				GCC_C_LANGUAGE_STANDARD = gnu11;
				GCC_NO_COMMON_BLOCKS = YES;
				GCC_WARN_64_TO_32_BIT_CONVERSION = YES;
				GCC_WARN_ABOUT_RETURN_TYPE = YES_ERROR;
				GCC_WARN_UNDECLARED_SELECTOR = YES;
				GCC_WARN_UNINITIALIZED_AUTOS = YES_AGGRESSIVE;
				GCC_WARN_UNUSED_FUNCTION = YES;
				GCC_WARN_UNUSED_VARIABLE = YES;
				MACOSX_DEPLOYMENT_TARGET = 10.14;
				MTL_ENABLE_DEBUG_INFO = NO;
				MTL_FAST_MATH = YES;
				SDKROOT = macosx;
				SWIFT_COMPILATION_MODE = wholemodule;
				SWIFT_OPTIMIZATION_LEVEL = "-O";
			};
			name = Release;
		};
		55E785F3222DE90F00A91D79 /* Debug */ = {
			isa = XCBuildConfiguration;
			buildSettings = {
				ASSETCATALOG_COMPILER_APPICON_NAME = AppIcon;
				CODE_SIGN_STYLE = Automatic;
				COMBINE_HIDPI_IMAGES = YES;
				DEVELOPMENT_TEAM = AXFS8D8E46;
				INFOPLIST_FILE = "$(SRCROOT)/QuickDraw/Resources/Info.plist";
				LD_RUNPATH_SEARCH_PATHS = (
					"$(inherited)",
					"@executable_path/../Frameworks",
				);
				PRODUCT_BUNDLE_IDENTIFIER = com.chuquimianproductions.QuickDraw;
				PRODUCT_NAME = "$(TARGET_NAME)";
				SWIFT_VERSION = 4.2;
			};
			name = Debug;
		};
		55E785F4222DE90F00A91D79 /* Release */ = {
			isa = XCBuildConfiguration;
			buildSettings = {
				ASSETCATALOG_COMPILER_APPICON_NAME = AppIcon;
				CODE_SIGN_STYLE = Automatic;
				COMBINE_HIDPI_IMAGES = YES;
				DEVELOPMENT_TEAM = AXFS8D8E46;
				INFOPLIST_FILE = "$(SRCROOT)/QuickDraw/Resources/Info.plist";
				LD_RUNPATH_SEARCH_PATHS = (
					"$(inherited)",
					"@executable_path/../Frameworks",
				);
				PRODUCT_BUNDLE_IDENTIFIER = com.chuquimianproductions.QuickDraw;
				PRODUCT_NAME = "$(TARGET_NAME)";
				SWIFT_VERSION = 4.2;
			};
			name = Release;
		};
/* End XCBuildConfiguration section */

/* Begin XCConfigurationList section */
		55E785DD222DE90D00A91D79 /* Build configuration list for PBXProject "QuickDraw" */ = {
			isa = XCConfigurationList;
			buildConfigurations = (
				55E785F0222DE90F00A91D79 /* Debug */,
				55E785F1222DE90F00A91D79 /* Release */,
			);
			defaultConfigurationIsVisible = 0;
			defaultConfigurationName = Release;
		};
		55E785F2222DE90F00A91D79 /* Build configuration list for PBXNativeTarget "QuickDraw" */ = {
			isa = XCConfigurationList;
			buildConfigurations = (
				55E785F3222DE90F00A91D79 /* Debug */,
				55E785F4222DE90F00A91D79 /* Release */,
			);
			defaultConfigurationIsVisible = 0;
			defaultConfigurationName = Release;
		};
/* End XCConfigurationList section */
	};
	rootObject = 55E785DA222DE90D00A91D79 /* Project object */;
}
